
Microsoft Visual Studio Solution File, Format Version 12.00
# Visual Studio Version 17
VisualStudioVersion = 17.6.33829.357
MinimumVisualStudioVersion = 10.0.40219.1
Project("{FAE04EC0-301F-11D3-BF4B-00C04F79EFBC}") = "Register1", "Register1\Register1.csproj", "{F746DAEA-3C58-4E2B-8D96-0017B93C75EC}"
EndProject
Global
	GlobalSection(SolutionConfigurationPlatforms) = preSolution
		Debug|Any CPU = Debug|Any CPU
		Release|Any CPU = Release|Any CPU
	EndGlobalSection
	GlobalSection(ProjectConfigurationPlatforms) = postSolution
		{F746DAEA-3C58-4E2B-8D96-0017B93C75EC}.Debug|Any CPU.ActiveCfg = Debug|Any CPU
		{F746DAEA-3C58-4E2B-8D96-0017B93C75EC}.Debug|Any CPU.Build.0 = Debug|Any CPU
		{F746DAEA-3C58-4E2B-8D96-0017B93C75EC}.Release|Any CPU.ActiveCfg = Release|Any CPU
		{F746DAEA-3C58-4E2B-8D96-0017B93C75EC}.Release|Any CPU.Build.0 = Release|Any CPU
	EndGlobalSection
	GlobalSection(SolutionProperties) = preSolution
		HideSolutionNode = FALSE
	EndGlobalSection
	GlobalSection(ExtensibilityGlobals) = postSolution
		SolutionGuid = {8B46A4B7-C2CF-4E55-924E-D6F61097F971}
	EndGlobalSection
EndGlobal
